
Microsoft Visual Studio Solution File, Format Version 12.00
# Visual Studio 15
VisualStudioVersion = 15.0.27004.2009
MinimumVisualStudioVersion = 10.0.40219.1
Project("{2150E333-8FDC-42A3-9474-1A3956D46DE8}") = "Solution Items", "Solution Items", "{AF5D499D-0D2B-4F21-B083-EE5D45B86D99}"
EndProject
Project("{2150E333-8FDC-42A3-9474-1A3956D46DE8}") = "src", "src", "{7A42C497-6F07-4B5E-9B4A-807D444A5277}"
EndProject
Project("{9A19103F-16F7-4668-BE54-9A1E7A4F7556}") = "Heddle", "src\Heddle\Heddle.csproj", "{08216E41-F266-441F-ADB2-D8D7FB088B98}"
EndProject
Project("{9A19103F-16F7-4668-BE54-9A1E7A4F7556}") = "Heddle.Language", "src\Heddle.Language\Heddle.Language.csproj", "{CE96D768-CEF0-414C-8170-1834BC4DB44E}"
EndProject
Project("{9A19103F-16F7-4668-BE54-9A1E7A4F7556}") = "Heddle.Performance", "src\Heddle.Performance\Heddle.Performance.csproj", "{E7E2561E-7D5F-48A1-B5D0-DA4C95FDD7B8}"
EndProject
Project("{9A19103F-16F7-4668-BE54-9A1E7A4F7556}") = "Heddle.Tests", "src\Heddle.Tests\Heddle.Tests.csproj", "{EDC55E94-74DF-43AC-A0F9-46B2AD5F0515}"
EndProject
Project("{FAE04EC0-301F-11D3-BF4B-00C04F79EFBC}") = "Heddle.LanguageServices", "src\Heddle.LanguageServices\Heddle.LanguageServices.csproj", "{5A84CB76-2835-48BE-BA12-EC96FB483B06}"
EndProject
Project("{FAE04EC0-301F-11D3-BF4B-00C04F79EFBC}") = "Heddle.LanguageServices.Tests.Corpus", "src\Heddle.LanguageServices.Tests.Corpus\Heddle.LanguageServices.Tests.Corpus.csproj", "{CE656057-EE58-4ED9-9533-C30B4422F364}"
EndProject
Project("{FAE04EC0-301F-11D3-BF4B-00C04F79EFBC}") = "Heddle.LanguageServices.Tests", "src\Heddle.LanguageServices.Tests\Heddle.LanguageServices.Tests.csproj", "{379A11FE-D5DE-428E-A3CA-C4A068CDD802}"
EndProject
Project("{FAE04EC0-301F-11D3-BF4B-00C04F79EFBC}") = "Heddle.LanguageServer", "src\Heddle.LanguageServer\Heddle.LanguageServer.csproj", "{AF118206-29D5-4C5A-B0E8-61F2387ADABD}"
EndProject
Project("{FAE04EC0-301F-11D3-BF4B-00C04F79EFBC}") = "Heddle.Generator", "src\Heddle.Generator\Heddle.Generator.csproj", "{AA8F1B34-5B40-4F1F-AE5B-73C1490EEB9E}"
EndProject
Project("{FAE04EC0-301F-11D3-BF4B-00C04F79EFBC}") = "Heddle.Generator.Tests", "src\Heddle.Generator.Tests\Heddle.Generator.Tests.csproj", "{E44F52CE-3EFB-48F8-9E8C-E30BAF5209F9}"
EndProject
Project("{FAE04EC0-301F-11D3-BF4B-00C04F79EFBC}") = "Heddle.Generator.IntegrationTests", "src\Heddle.Generator.IntegrationTests\Heddle.Generator.IntegrationTests.csproj", "{17AA2FAD-265A-4404-832B-B72BB16F8017}"
EndProject
Project("{FAE04EC0-301F-11D3-BF4B-00C04F79EFBC}") = "Heddle.Tool", "src\Heddle.Tool\Heddle.Tool.csproj", "{C7BFBA18-1490-4568-AABC-E02F41E4837C}"
EndProject
Project("{FAE04EC0-301F-11D3-BF4B-00C04F79EFBC}") = "Heddle.Tool.Tests", "src\Heddle.Tool.Tests\Heddle.Tool.Tests.csproj", "{D4D2E547-5D71-4C5A-93F8-F02262322B2C}"
EndProject
Project("{FAE04EC0-301F-11D3-BF4B-00C04F79EFBC}") = "Heddle.Demo.Models", "src\Heddle.Demo.Models\Heddle.Demo.Models.csproj", "{3704A09C-3CF3-4CB8-BBA5-EDBC6554E13A}"
EndProject
Project("{FAE04EC0-301F-11D3-BF4B-00C04F79EFBC}") = "Heddle.Demo.Wasm", "src\Heddle.Demo.Wasm\Heddle.Demo.Wasm.csproj", "{81A72F09-FFB8-4967-AB08-141C56A72DE1}"
EndProject
Global
	GlobalSection(SolutionConfigurationPlatforms) = preSolution
		Debug|Any CPU = Debug|Any CPU
		Debug|x64 = Debug|x64
		Debug|x86 = Debug|x86
		Release|Any CPU = Release|Any CPU
		Release|x64 = Release|x64
		Release|x86 = Release|x86
	EndGlobalSection
	GlobalSection(ProjectConfigurationPlatforms) = postSolution
		{08216E41-F266-441F-ADB2-D8D7FB088B98}.Debug|Any CPU.ActiveCfg = Debug|Any CPU
		{08216E41-F266-441F-ADB2-D8D7FB088B98}.Debug|Any CPU.Build.0 = Debug|Any CPU
		{08216E41-F266-441F-ADB2-D8D7FB088B98}.Debug|x64.ActiveCfg = Debug|Any CPU
		{08216E41-F266-441F-ADB2-D8D7FB088B98}.Debug|x64.Build.0 = Debug|Any CPU
		{08216E41-F266-441F-ADB2-D8D7FB088B98}.Debug|x86.ActiveCfg = Debug|Any CPU
		{08216E41-F266-441F-ADB2-D8D7FB088B98}.Debug|x86.Build.0 = Debug|Any CPU
		{08216E41-F266-441F-ADB2-D8D7FB088B98}.Release|Any CPU.ActiveCfg = Release|Any CPU
		{08216E41-F266-441F-ADB2-D8D7FB088B98}.Release|Any CPU.Build.0 = Release|Any CPU
		{08216E41-F266-441F-ADB2-D8D7FB088B98}.Release|x64.ActiveCfg = Release|Any CPU
		{08216E41-F266-441F-ADB2-D8D7FB088B98}.Release|x64.Build.0 = Release|Any CPU
		{08216E41-F266-441F-ADB2-D8D7FB088B98}.Release|x86.ActiveCfg = Release|Any CPU
		{08216E41-F266-441F-ADB2-D8D7FB088B98}.Release|x86.Build.0 = Release|Any CPU
		{CE96D768-CEF0-414C-8170-1834BC4DB44E}.Debug|Any CPU.ActiveCfg = Debug|Any CPU
		{CE96D768-CEF0-414C-8170-1834BC4DB44E}.Debug|Any CPU.Build.0 = Debug|Any CPU
		{CE96D768-CEF0-414C-8170-1834BC4DB44E}.Debug|x64.ActiveCfg = Debug|Any CPU
		{CE96D768-CEF0-414C-8170-1834BC4DB44E}.Debug|x64.Build.0 = Debug|Any CPU
		{CE96D768-CEF0-414C-8170-1834BC4DB44E}.Debug|x86.ActiveCfg = Debug|Any CPU
		{CE96D768-CEF0-414C-8170-1834BC4DB44E}.Debug|x86.Build.0 = Debug|Any CPU
		{CE96D768-CEF0-414C-8170-1834BC4DB44E}.Release|Any CPU.ActiveCfg = Release|Any CPU
		{CE96D768-CEF0-414C-8170-1834BC4DB44E}.Release|Any CPU.Build.0 = Release|Any CPU
		{CE96D768-CEF0-414C-8170-1834BC4DB44E}.Release|x64.ActiveCfg = Release|Any CPU
		{CE96D768-CEF0-414C-8170-1834BC4DB44E}.Release|x64.Build.0 = Release|Any CPU
		{CE96D768-CEF0-414C-8170-1834BC4DB44E}.Release|x86.ActiveCfg = Release|Any CPU
		{CE96D768-CEF0-414C-8170-1834BC4DB44E}.Release|x86.Build.0 = Release|Any CPU
		{E7E2561E-7D5F-48A1-B5D0-DA4C95FDD7B8}.Debug|Any CPU.ActiveCfg = Debug|Any CPU
		{E7E2561E-7D5F-48A1-B5D0-DA4C95FDD7B8}.Debug|Any CPU.Build.0 = Debug|Any CPU
		{E7E2561E-7D5F-48A1-B5D0-DA4C95FDD7B8}.Debug|x64.ActiveCfg = Debug|Any CPU
		{E7E2561E-7D5F-48A1-B5D0-DA4C95FDD7B8}.Debug|x64.Build.0 = Debug|Any CPU
		{E7E2561E-7D5F-48A1-B5D0-DA4C95FDD7B8}.Debug|x86.ActiveCfg = Debug|Any CPU
		{E7E2561E-7D5F-48A1-B5D0-DA4C95FDD7B8}.Debug|x86.Build.0 = Debug|Any CPU
		{E7E2561E-7D5F-48A1-B5D0-DA4C95FDD7B8}.Release|Any CPU.ActiveCfg = Release|Any CPU
		{E7E2561E-7D5F-48A1-B5D0-DA4C95FDD7B8}.Release|Any CPU.Build.0 = Release|Any CPU
		{E7E2561E-7D5F-48A1-B5D0-DA4C95FDD7B8}.Release|x64.ActiveCfg = Release|Any CPU
		{E7E2561E-7D5F-48A1-B5D0-DA4C95FDD7B8}.Release|x64.Build.0 = Release|Any CPU
		{E7E2561E-7D5F-48A1-B5D0-DA4C95FDD7B8}.Release|x86.ActiveCfg = Release|Any CPU
		{E7E2561E-7D5F-48A1-B5D0-DA4C95FDD7B8}.Release|x86.Build.0 = Release|Any CPU
		{EDC55E94-74DF-43AC-A0F9-46B2AD5F0515}.Debug|Any CPU.ActiveCfg = Debug|Any CPU
		{EDC55E94-74DF-43AC-A0F9-46B2AD5F0515}.Debug|Any CPU.Build.0 = Debug|Any CPU
		{EDC55E94-74DF-43AC-A0F9-46B2AD5F0515}.Debug|x64.ActiveCfg = Debug|Any CPU
		{EDC55E94-74DF-43AC-A0F9-46B2AD5F0515}.Debug|x64.Build.0 = Debug|Any CPU
		{EDC55E94-74DF-43AC-A0F9-46B2AD5F0515}.Debug|x86.ActiveCfg = Debug|Any CPU
		{EDC55E94-74DF-43AC-A0F9-46B2AD5F0515}.Debug|x86.Build.0 = Debug|Any CPU
		{EDC55E94-74DF-43AC-A0F9-46B2AD5F0515}.Release|Any CPU.ActiveCfg = Release|Any CPU
		{EDC55E94-74DF-43AC-A0F9-46B2AD5F0515}.Release|Any CPU.Build.0 = Release|Any CPU
		{EDC55E94-74DF-43AC-A0F9-46B2AD5F0515}.Release|x64.ActiveCfg = Release|Any CPU
		{EDC55E94-74DF-43AC-A0F9-46B2AD5F0515}.Release|x64.Build.0 = Release|Any CPU
		{EDC55E94-74DF-43AC-A0F9-46B2AD5F0515}.Release|x86.ActiveCfg = Release|Any CPU
		{EDC55E94-74DF-43AC-A0F9-46B2AD5F0515}.Release|x86.Build.0 = Release|Any CPU
		{5A84CB76-2835-48BE-BA12-EC96FB483B06}.Debug|Any CPU.ActiveCfg = Debug|Any CPU
		{5A84CB76-2835-48BE-BA12-EC96FB483B06}.Debug|Any CPU.Build.0 = Debug|Any CPU
		{5A84CB76-2835-48BE-BA12-EC96FB483B06}.Debug|x64.ActiveCfg = Debug|Any CPU
		{5A84CB76-2835-48BE-BA12-EC96FB483B06}.Debug|x64.Build.0 = Debug|Any CPU
		{5A84CB76-2835-48BE-BA12-EC96FB483B06}.Debug|x86.ActiveCfg = Debug|Any CPU
		{5A84CB76-2835-48BE-BA12-EC96FB483B06}.Debug|x86.Build.0 = Debug|Any CPU
		{5A84CB76-2835-48BE-BA12-EC96FB483B06}.Release|Any CPU.ActiveCfg = Release|Any CPU
		{5A84CB76-2835-48BE-BA12-EC96FB483B06}.Release|Any CPU.Build.0 = Release|Any CPU
		{5A84CB76-2835-48BE-BA12-EC96FB483B06}.Release|x64.ActiveCfg = Release|Any CPU
		{5A84CB76-2835-48BE-BA12-EC96FB483B06}.Release|x64.Build.0 = Release|Any CPU
		{5A84CB76-2835-48BE-BA12-EC96FB483B06}.Release|x86.ActiveCfg = Release|Any CPU
		{5A84CB76-2835-48BE-BA12-EC96FB483B06}.Release|x86.Build.0 = Release|Any CPU
		{CE656057-EE58-4ED9-9533-C30B4422F364}.Debug|Any CPU.ActiveCfg = Debug|Any CPU
		{CE656057-EE58-4ED9-9533-C30B4422F364}.Debug|Any CPU.Build.0 = Debug|Any CPU
		{CE656057-EE58-4ED9-9533-C30B4422F364}.Debug|x64.ActiveCfg = Debug|Any CPU
		{CE656057-EE58-4ED9-9533-C30B4422F364}.Debug|x64.Build.0 = Debug|Any CPU
		{CE656057-EE58-4ED9-9533-C30B4422F364}.Debug|x86.ActiveCfg = Debug|Any CPU
		{CE656057-EE58-4ED9-9533-C30B4422F364}.Debug|x86.Build.0 = Debug|Any CPU
		{CE656057-EE58-4ED9-9533-C30B4422F364}.Release|Any CPU.ActiveCfg = Release|Any CPU
		{CE656057-EE58-4ED9-9533-C30B4422F364}.Release|Any CPU.Build.0 = Release|Any CPU
		{CE656057-EE58-4ED9-9533-C30B4422F364}.Release|x64.ActiveCfg = Release|Any CPU
		{CE656057-EE58-4ED9-9533-C30B4422F364}.Release|x64.Build.0 = Release|Any CPU
		{CE656057-EE58-4ED9-9533-C30B4422F364}.Release|x86.ActiveCfg = Release|Any CPU
		{CE656057-EE58-4ED9-9533-C30B4422F364}.Release|x86.Build.0 = Release|Any CPU
		{379A11FE-D5DE-428E-A3CA-C4A068CDD802}.Debug|Any CPU.ActiveCfg = Debug|Any CPU
		{379A11FE-D5DE-428E-A3CA-C4A068CDD802}.Debug|Any CPU.Build.0 = Debug|Any CPU
		{379A11FE-D5DE-428E-A3CA-C4A068CDD802}.Debug|x64.ActiveCfg = Debug|Any CPU
		{379A11FE-D5DE-428E-A3CA-C4A068CDD802}.Debug|x64.Build.0 = Debug|Any CPU
		{379A11FE-D5DE-428E-A3CA-C4A068CDD802}.Debug|x86.ActiveCfg = Debug|Any CPU
		{379A11FE-D5DE-428E-A3CA-C4A068CDD802}.Debug|x86.Build.0 = Debug|Any CPU
		{379A11FE-D5DE-428E-A3CA-C4A068CDD802}.Release|Any CPU.ActiveCfg = Release|Any CPU
		{379A11FE-D5DE-428E-A3CA-C4A068CDD802}.Release|Any CPU.Build.0 = Release|Any CPU
		{379A11FE-D5DE-428E-A3CA-C4A068CDD802}.Release|x64.ActiveCfg = Release|Any CPU
		{379A11FE-D5DE-428E-A3CA-C4A068CDD802}.Release|x64.Build.0 = Release|Any CPU
		{379A11FE-D5DE-428E-A3CA-C4A068CDD802}.Release|x86.ActiveCfg = Release|Any CPU
		{379A11FE-D5DE-428E-A3CA-C4A068CDD802}.Release|x86.Build.0 = Release|Any CPU
		{AF118206-29D5-4C5A-B0E8-61F2387ADABD}.Debug|Any CPU.ActiveCfg = Debug|Any CPU
		{AF118206-29D5-4C5A-B0E8-61F2387ADABD}.Debug|Any CPU.Build.0 = Debug|Any CPU
		{AF118206-29D5-4C5A-B0E8-61F2387ADABD}.Debug|x64.ActiveCfg = Debug|Any CPU
		{AF118206-29D5-4C5A-B0E8-61F2387ADABD}.Debug|x64.Build.0 = Debug|Any CPU
		{AF118206-29D5-4C5A-B0E8-61F2387ADABD}.Debug|x86.ActiveCfg = Debug|Any CPU
		{AF118206-29D5-4C5A-B0E8-61F2387ADABD}.Debug|x86.Build.0 = Debug|Any CPU
		{AF118206-29D5-4C5A-B0E8-61F2387ADABD}.Release|Any CPU.ActiveCfg = Release|Any CPU
		{AF118206-29D5-4C5A-B0E8-61F2387ADABD}.Release|Any CPU.Build.0 = Release|Any CPU
		{AF118206-29D5-4C5A-B0E8-61F2387ADABD}.Release|x64.ActiveCfg = Release|Any CPU
		{AF118206-29D5-4C5A-B0E8-61F2387ADABD}.Release|x64.Build.0 = Release|Any CPU
		{AF118206-29D5-4C5A-B0E8-61F2387ADABD}.Release|x86.ActiveCfg = Release|Any CPU
		{AF118206-29D5-4C5A-B0E8-61F2387ADABD}.Release|x86.Build.0 = Release|Any CPU
		{AA8F1B34-5B40-4F1F-AE5B-73C1490EEB9E}.Debug|Any CPU.ActiveCfg = Debug|Any CPU
		{AA8F1B34-5B40-4F1F-AE5B-73C1490EEB9E}.Debug|Any CPU.Build.0 = Debug|Any CPU
		{AA8F1B34-5B40-4F1F-AE5B-73C1490EEB9E}.Debug|x64.ActiveCfg = Debug|Any CPU
		{AA8F1B34-5B40-4F1F-AE5B-73C1490EEB9E}.Debug|x64.Build.0 = Debug|Any CPU
		{AA8F1B34-5B40-4F1F-AE5B-73C1490EEB9E}.Debug|x86.ActiveCfg = Debug|Any CPU
		{AA8F1B34-5B40-4F1F-AE5B-73C1490EEB9E}.Debug|x86.Build.0 = Debug|Any CPU
		{AA8F1B34-5B40-4F1F-AE5B-73C1490EEB9E}.Release|Any CPU.ActiveCfg = Release|Any CPU
		{AA8F1B34-5B40-4F1F-AE5B-73C1490EEB9E}.Release|Any CPU.Build.0 = Release|Any CPU
		{AA8F1B34-5B40-4F1F-AE5B-73C1490EEB9E}.Release|x64.ActiveCfg = Release|Any CPU
		{AA8F1B34-5B40-4F1F-AE5B-73C1490EEB9E}.Release|x64.Build.0 = Release|Any CPU
		{AA8F1B34-5B40-4F1F-AE5B-73C1490EEB9E}.Release|x86.ActiveCfg = Release|Any CPU
		{AA8F1B34-5B40-4F1F-AE5B-73C1490EEB9E}.Release|x86.Build.0 = Release|Any CPU
		{E44F52CE-3EFB-48F8-9E8C-E30BAF5209F9}.Debug|Any CPU.ActiveCfg = Debug|Any CPU
		{E44F52CE-3EFB-48F8-9E8C-E30BAF5209F9}.Debug|Any CPU.Build.0 = Debug|Any CPU
		{E44F52CE-3EFB-48F8-9E8C-E30BAF5209F9}.Debug|x64.ActiveCfg = Debug|Any CPU
		{E44F52CE-3EFB-48F8-9E8C-E30BAF5209F9}.Debug|x64.Build.0 = Debug|Any CPU
		{E44F52CE-3EFB-48F8-9E8C-E30BAF5209F9}.Debug|x86.ActiveCfg = Debug|Any CPU
		{E44F52CE-3EFB-48F8-9E8C-E30BAF5209F9}.Debug|x86.Build.0 = Debug|Any CPU
		{E44F52CE-3EFB-48F8-9E8C-E30BAF5209F9}.Release|Any CPU.ActiveCfg = Release|Any CPU
		{E44F52CE-3EFB-48F8-9E8C-E30BAF5209F9}.Release|Any CPU.Build.0 = Release|Any CPU
		{E44F52CE-3EFB-48F8-9E8C-E30BAF5209F9}.Release|x64.ActiveCfg = Release|Any CPU
		{E44F52CE-3EFB-48F8-9E8C-E30BAF5209F9}.Release|x64.Build.0 = Release|Any CPU
		{E44F52CE-3EFB-48F8-9E8C-E30BAF5209F9}.Release|x86.ActiveCfg = Release|Any CPU
		{E44F52CE-3EFB-48F8-9E8C-E30BAF5209F9}.Release|x86.Build.0 = Release|Any CPU
		{17AA2FAD-265A-4404-832B-B72BB16F8017}.Debug|Any CPU.ActiveCfg = Debug|Any CPU
		{17AA2FAD-265A-4404-832B-B72BB16F8017}.Debug|Any CPU.Build.0 = Debug|Any CPU
		{17AA2FAD-265A-4404-832B-B72BB16F8017}.Debug|x64.ActiveCfg = Debug|Any CPU
		{17AA2FAD-265A-4404-832B-B72BB16F8017}.Debug|x64.Build.0 = Debug|Any CPU
		{17AA2FAD-265A-4404-832B-B72BB16F8017}.Debug|x86.ActiveCfg = Debug|Any CPU
		{17AA2FAD-265A-4404-832B-B72BB16F8017}.Debug|x86.Build.0 = Debug|Any CPU
		{17AA2FAD-265A-4404-832B-B72BB16F8017}.Release|Any CPU.ActiveCfg = Release|Any CPU
		{17AA2FAD-265A-4404-832B-B72BB16F8017}.Release|Any CPU.Build.0 = Release|Any CPU
		{17AA2FAD-265A-4404-832B-B72BB16F8017}.Release|x64.ActiveCfg = Release|Any CPU
		{17AA2FAD-265A-4404-832B-B72BB16F8017}.Release|x64.Build.0 = Release|Any CPU
		{17AA2FAD-265A-4404-832B-B72BB16F8017}.Release|x86.ActiveCfg = Release|Any CPU
		{17AA2FAD-265A-4404-832B-B72BB16F8017}.Release|x86.Build.0 = Release|Any CPU
		{C7BFBA18-1490-4568-AABC-E02F41E4837C}.Debug|Any CPU.ActiveCfg = Debug|Any CPU
		{C7BFBA18-1490-4568-AABC-E02F41E4837C}.Debug|Any CPU.Build.0 = Debug|Any CPU
		{C7BFBA18-1490-4568-AABC-E02F41E4837C}.Debug|x64.ActiveCfg = Debug|Any CPU
		{C7BFBA18-1490-4568-AABC-E02F41E4837C}.Debug|x64.Build.0 = Debug|Any CPU
		{C7BFBA18-1490-4568-AABC-E02F41E4837C}.Debug|x86.ActiveCfg = Debug|Any CPU
		{C7BFBA18-1490-4568-AABC-E02F41E4837C}.Debug|x86.Build.0 = Debug|Any CPU
		{C7BFBA18-1490-4568-AABC-E02F41E4837C}.Release|Any CPU.ActiveCfg = Release|Any CPU
		{C7BFBA18-1490-4568-AABC-E02F41E4837C}.Release|Any CPU.Build.0 = Release|Any CPU
		{C7BFBA18-1490-4568-AABC-E02F41E4837C}.Release|x64.ActiveCfg = Release|Any CPU
		{C7BFBA18-1490-4568-AABC-E02F41E4837C}.Release|x64.Build.0 = Release|Any CPU
		{C7BFBA18-1490-4568-AABC-E02F41E4837C}.Release|x86.ActiveCfg = Release|Any CPU
		{C7BFBA18-1490-4568-AABC-E02F41E4837C}.Release|x86.Build.0 = Release|Any CPU
		{D4D2E547-5D71-4C5A-93F8-F02262322B2C}.Debug|Any CPU.ActiveCfg = Debug|Any CPU
		{D4D2E547-5D71-4C5A-93F8-F02262322B2C}.Debug|Any CPU.Build.0 = Debug|Any CPU
		{D4D2E547-5D71-4C5A-93F8-F02262322B2C}.Debug|x64.ActiveCfg = Debug|Any CPU
		{D4D2E547-5D71-4C5A-93F8-F02262322B2C}.Debug|x64.Build.0 = Debug|Any CPU
		{D4D2E547-5D71-4C5A-93F8-F02262322B2C}.Debug|x86.ActiveCfg = Debug|Any CPU
		{D4D2E547-5D71-4C5A-93F8-F02262322B2C}.Debug|x86.Build.0 = Debug|Any CPU
		{D4D2E547-5D71-4C5A-93F8-F02262322B2C}.Release|Any CPU.ActiveCfg = Release|Any CPU
		{D4D2E547-5D71-4C5A-93F8-F02262322B2C}.Release|Any CPU.Build.0 = Release|Any CPU
		{D4D2E547-5D71-4C5A-93F8-F02262322B2C}.Release|x64.ActiveCfg = Release|Any CPU
		{D4D2E547-5D71-4C5A-93F8-F02262322B2C}.Release|x64.Build.0 = Release|Any CPU
		{D4D2E547-5D71-4C5A-93F8-F02262322B2C}.Release|x86.ActiveCfg = Release|Any CPU
		{D4D2E547-5D71-4C5A-93F8-F02262322B2C}.Release|x86.Build.0 = Release|Any CPU
		{3704A09C-3CF3-4CB8-BBA5-EDBC6554E13A}.Debug|Any CPU.ActiveCfg = Debug|Any CPU
		{3704A09C-3CF3-4CB8-BBA5-EDBC6554E13A}.Debug|Any CPU.Build.0 = Debug|Any CPU
		{3704A09C-3CF3-4CB8-BBA5-EDBC6554E13A}.Debug|x64.ActiveCfg = Debug|Any CPU
		{3704A09C-3CF3-4CB8-BBA5-EDBC6554E13A}.Debug|x64.Build.0 = Debug|Any CPU
		{3704A09C-3CF3-4CB8-BBA5-EDBC6554E13A}.Debug|x86.ActiveCfg = Debug|Any CPU
		{3704A09C-3CF3-4CB8-BBA5-EDBC6554E13A}.Debug|x86.Build.0 = Debug|Any CPU
		{3704A09C-3CF3-4CB8-BBA5-EDBC6554E13A}.Release|Any CPU.ActiveCfg = Release|Any CPU
		{3704A09C-3CF3-4CB8-BBA5-EDBC6554E13A}.Release|Any CPU.Build.0 = Release|Any CPU
		{3704A09C-3CF3-4CB8-BBA5-EDBC6554E13A}.Release|x64.ActiveCfg = Release|Any CPU
		{3704A09C-3CF3-4CB8-BBA5-EDBC6554E13A}.Release|x64.Build.0 = Release|Any CPU
		{3704A09C-3CF3-4CB8-BBA5-EDBC6554E13A}.Release|x86.ActiveCfg = Release|Any CPU
		{3704A09C-3CF3-4CB8-BBA5-EDBC6554E13A}.Release|x86.Build.0 = Release|Any CPU
		{81A72F09-FFB8-4967-AB08-141C56A72DE1}.Debug|Any CPU.ActiveCfg = Debug|Any CPU
		{81A72F09-FFB8-4967-AB08-141C56A72DE1}.Debug|Any CPU.Build.0 = Debug|Any CPU
		{81A72F09-FFB8-4967-AB08-141C56A72DE1}.Debug|x64.ActiveCfg = Debug|Any CPU
		{81A72F09-FFB8-4967-AB08-141C56A72DE1}.Debug|x64.Build.0 = Debug|Any CPU
		{81A72F09-FFB8-4967-AB08-141C56A72DE1}.Debug|x86.ActiveCfg = Debug|Any CPU
		{81A72F09-FFB8-4967-AB08-141C56A72DE1}.Debug|x86.Build.0 = Debug|Any CPU
		{81A72F09-FFB8-4967-AB08-141C56A72DE1}.Release|Any CPU.ActiveCfg = Release|Any CPU
		{81A72F09-FFB8-4967-AB08-141C56A72DE1}.Release|Any CPU.Build.0 = Release|Any CPU
		{81A72F09-FFB8-4967-AB08-141C56A72DE1}.Release|x64.ActiveCfg = Release|Any CPU
		{81A72F09-FFB8-4967-AB08-141C56A72DE1}.Release|x64.Build.0 = Release|Any CPU
		{81A72F09-FFB8-4967-AB08-141C56A72DE1}.Release|x86.ActiveCfg = Release|Any CPU
		{81A72F09-FFB8-4967-AB08-141C56A72DE1}.Release|x86.Build.0 = Release|Any CPU
	EndGlobalSection
	GlobalSection(SolutionProperties) = preSolution
		HideSolutionNode = FALSE
	EndGlobalSection
	GlobalSection(NestedProjects) = preSolution
		{08216E41-F266-441F-ADB2-D8D7FB088B98} = {7A42C497-6F07-4B5E-9B4A-807D444A5277}
		{CE96D768-CEF0-414C-8170-1834BC4DB44E} = {7A42C497-6F07-4B5E-9B4A-807D444A5277}
		{E7E2561E-7D5F-48A1-B5D0-DA4C95FDD7B8} = {7A42C497-6F07-4B5E-9B4A-807D444A5277}
		{EDC55E94-74DF-43AC-A0F9-46B2AD5F0515} = {7A42C497-6F07-4B5E-9B4A-807D444A5277}
		{5A84CB76-2835-48BE-BA12-EC96FB483B06} = {7A42C497-6F07-4B5E-9B4A-807D444A5277}
		{CE656057-EE58-4ED9-9533-C30B4422F364} = {7A42C497-6F07-4B5E-9B4A-807D444A5277}
		{379A11FE-D5DE-428E-A3CA-C4A068CDD802} = {7A42C497-6F07-4B5E-9B4A-807D444A5277}
		{AF118206-29D5-4C5A-B0E8-61F2387ADABD} = {7A42C497-6F07-4B5E-9B4A-807D444A5277}
		{AA8F1B34-5B40-4F1F-AE5B-73C1490EEB9E} = {7A42C497-6F07-4B5E-9B4A-807D444A5277}
		{E44F52CE-3EFB-48F8-9E8C-E30BAF5209F9} = {7A42C497-6F07-4B5E-9B4A-807D444A5277}
		{17AA2FAD-265A-4404-832B-B72BB16F8017} = {7A42C497-6F07-4B5E-9B4A-807D444A5277}
		{C7BFBA18-1490-4568-AABC-E02F41E4837C} = {7A42C497-6F07-4B5E-9B4A-807D444A5277}
		{D4D2E547-5D71-4C5A-93F8-F02262322B2C} = {7A42C497-6F07-4B5E-9B4A-807D444A5277}
		{3704A09C-3CF3-4CB8-BBA5-EDBC6554E13A} = {7A42C497-6F07-4B5E-9B4A-807D444A5277}
		{81A72F09-FFB8-4967-AB08-141C56A72DE1} = {7A42C497-6F07-4B5E-9B4A-807D444A5277}
	EndGlobalSection
	GlobalSection(ExtensibilityGlobals) = postSolution
		SolutionGuid = {D41F54E0-CF7E-433A-9A70-F092AF0654FE}
	EndGlobalSection
EndGlobal
