
Microsoft Visual Studio Solution File, Format Version 12.00
# Visual Studio 15
VisualStudioVersion = 15.0.27004.2009
MinimumVisualStudioVersion = 10.0.40219.1
Project("{2150E333-8FDC-42A3-9474-1A3956D46DE8}") = "integrations", "integrations", "{5A6E418F-99E7-4E1E-9062-08929C0D8E4B}"
EndProject
Project("{2150E333-8FDC-42A3-9474-1A3956D46DE8}") = "performance", "performance", "{0FCA16D9-8F22-4281-99BC-FA5BEE750299}"
EndProject
Project("{2150E333-8FDC-42A3-9474-1A3956D46DE8}") = "demo", "demo", "{271330C1-ACEC-410F-897B-A65DB1A8AB23}"
EndProject
Project("{2150E333-8FDC-42A3-9474-1A3956D46DE8}") = "Solution Items", "Solution Items", "{AF5D499D-0D2B-4F21-B083-EE5D45B86D99}"
	ProjectSection(SolutionItems) = preProject
		build.cmd = build.cmd
		build.ps1 = build.ps1
	EndProjectSection
EndProject
Project("{2150E333-8FDC-42A3-9474-1A3956D46DE8}") = "src", "src", "{7A42C497-6F07-4B5E-9B4A-807D444A5277}"
EndProject
Project("{9A19103F-16F7-4668-BE54-9A1E7A4F7556}") = "Heddle", "src\Heddle\Heddle.csproj", "{08216E41-F266-441F-ADB2-D8D7FB088B98}"
EndProject
Project("{9A19103F-16F7-4668-BE54-9A1E7A4F7556}") = "Heddle.Language", "src\Heddle.Language\Heddle.Language.csproj", "{CE96D768-CEF0-414C-8170-1834BC4DB44E}"
EndProject
Project("{9A19103F-16F7-4668-BE54-9A1E7A4F7556}") = "Heddle.Mvc", "src\Heddle.Mvc\Heddle.Mvc.csproj", "{B8EA8FB6-0BCE-4DD4-853A-72720E082DB9}"
EndProject
Project("{9A19103F-16F7-4668-BE54-9A1E7A4F7556}") = "Heddle.Performance", "src\Heddle.Performance\Heddle.Performance.csproj", "{E7E2561E-7D5F-48A1-B5D0-DA4C95FDD7B8}"
EndProject
Project("{9A19103F-16F7-4668-BE54-9A1E7A4F7556}") = "Heddle.Tests", "src\Heddle.Tests\Heddle.Tests.csproj", "{EDC55E94-74DF-43AC-A0F9-46B2AD5F0515}"
EndProject
Global
	GlobalSection(SolutionConfigurationPlatforms) = preSolution
		Debug|Any CPU = Debug|Any CPU
		Release|Any CPU = Release|Any CPU
	EndGlobalSection
	GlobalSection(ProjectConfigurationPlatforms) = postSolution
		{08216E41-F266-441F-ADB2-D8D7FB088B98}.Debug|Any CPU.ActiveCfg = Debug|Any CPU
		{08216E41-F266-441F-ADB2-D8D7FB088B98}.Debug|Any CPU.Build.0 = Debug|Any CPU
		{08216E41-F266-441F-ADB2-D8D7FB088B98}.Release|Any CPU.ActiveCfg = Release|Any CPU
		{08216E41-F266-441F-ADB2-D8D7FB088B98}.Release|Any CPU.Build.0 = Release|Any CPU
		{CE96D768-CEF0-414C-8170-1834BC4DB44E}.Debug|Any CPU.ActiveCfg = Debug|Any CPU
		{CE96D768-CEF0-414C-8170-1834BC4DB44E}.Debug|Any CPU.Build.0 = Debug|Any CPU
		{CE96D768-CEF0-414C-8170-1834BC4DB44E}.Release|Any CPU.ActiveCfg = Release|Any CPU
		{CE96D768-CEF0-414C-8170-1834BC4DB44E}.Release|Any CPU.Build.0 = Release|Any CPU
		{B8EA8FB6-0BCE-4DD4-853A-72720E082DB9}.Debug|Any CPU.ActiveCfg = Debug|Any CPU
		{B8EA8FB6-0BCE-4DD4-853A-72720E082DB9}.Debug|Any CPU.Build.0 = Debug|Any CPU
		{B8EA8FB6-0BCE-4DD4-853A-72720E082DB9}.Release|Any CPU.ActiveCfg = Release|Any CPU
		{B8EA8FB6-0BCE-4DD4-853A-72720E082DB9}.Release|Any CPU.Build.0 = Release|Any CPU
		{E7E2561E-7D5F-48A1-B5D0-DA4C95FDD7B8}.Debug|Any CPU.ActiveCfg = Debug|Any CPU
		{E7E2561E-7D5F-48A1-B5D0-DA4C95FDD7B8}.Debug|Any CPU.Build.0 = Debug|Any CPU
		{E7E2561E-7D5F-48A1-B5D0-DA4C95FDD7B8}.Release|Any CPU.ActiveCfg = Release|Any CPU
		{E7E2561E-7D5F-48A1-B5D0-DA4C95FDD7B8}.Release|Any CPU.Build.0 = Release|Any CPU
		{EDC55E94-74DF-43AC-A0F9-46B2AD5F0515}.Debug|Any CPU.ActiveCfg = Debug|Any CPU
		{EDC55E94-74DF-43AC-A0F9-46B2AD5F0515}.Debug|Any CPU.Build.0 = Debug|Any CPU
		{EDC55E94-74DF-43AC-A0F9-46B2AD5F0515}.Release|Any CPU.ActiveCfg = Release|Any CPU
		{EDC55E94-74DF-43AC-A0F9-46B2AD5F0515}.Release|Any CPU.Build.0 = Release|Any CPU
	EndGlobalSection
	GlobalSection(SolutionProperties) = preSolution
		HideSolutionNode = FALSE
	EndGlobalSection
	GlobalSection(NestedProjects) = preSolution
		{08216E41-F266-441F-ADB2-D8D7FB088B98} = {7A42C497-6F07-4B5E-9B4A-807D444A5277}
		{CE96D768-CEF0-414C-8170-1834BC4DB44E} = {7A42C497-6F07-4B5E-9B4A-807D444A5277}
		{B8EA8FB6-0BCE-4DD4-853A-72720E082DB9} = {7A42C497-6F07-4B5E-9B4A-807D444A5277}
		{E7E2561E-7D5F-48A1-B5D0-DA4C95FDD7B8} = {7A42C497-6F07-4B5E-9B4A-807D444A5277}
		{EDC55E94-74DF-43AC-A0F9-46B2AD5F0515} = {7A42C497-6F07-4B5E-9B4A-807D444A5277}
	EndGlobalSection
	GlobalSection(ExtensibilityGlobals) = postSolution
		SolutionGuid = {D41F54E0-CF7E-433A-9A70-F092AF0654FE}
	EndGlobalSection
	GlobalSection(TestCaseManagementSettings) = postSolution
		CategoryFile = Templating.vsmdi
	EndGlobalSection
EndGlobal
