
Microsoft Visual Studio Solution File, Format Version 12.00
# Visual Studio 15
VisualStudioVersion = 15.0.26228.10
MinimumVisualStudioVersion = 10.0.40219.1
Project("{2150E333-8FDC-42A3-9474-1A3956D46DE8}") = "src", "src", "{DCB9F91C-846A-4B80-97CF-BF89023F8965}"
EndProject
Project("{2150E333-8FDC-42A3-9474-1A3956D46DE8}") = "integrations", "integrations", "{5A6E418F-99E7-4E1E-9062-08929C0D8E4B}"
EndProject
Project("{2150E333-8FDC-42A3-9474-1A3956D46DE8}") = "performance", "performance", "{0FCA16D9-8F22-4281-99BC-FA5BEE750299}"
EndProject
Project("{2150E333-8FDC-42A3-9474-1A3956D46DE8}") = "demo", "demo", "{271330C1-ACEC-410F-897B-A65DB1A8AB23}"
EndProject
Project("{2150E333-8FDC-42A3-9474-1A3956D46DE8}") = "Solution Items", "Solution Items", "{AF5D499D-0D2B-4F21-B083-EE5D45B86D99}"
	ProjectSection(SolutionItems) = preProject
		build.cmd = build.cmd
		build.ps1 = build.ps1
	EndProjectSection
EndProject
Project("{FAE04EC0-301F-11D3-BF4B-00C04F79EFBC}") = "Templates.Editor", "integrations\Templates.Editor\Templates.Editor.csproj", "{4729444D-4629-43A7-9DB3-CB4E05D16F6A}"
EndProject
Project("{9A19103F-16F7-4668-BE54-9A1E7A4F7556}") = "Templates", "src\Templates\Templates.csproj", "{F3F3EA3A-393B-4355-B476-B3C7C7CA8C5F}"
	ProjectSection(ProjectDependencies) = postProject
		{F408F08F-ABF8-43BF-971C-558B1CAAFA1C} = {F408F08F-ABF8-43BF-971C-558B1CAAFA1C}
	EndProjectSection
EndProject
Project("{9A19103F-16F7-4668-BE54-9A1E7A4F7556}") = "Templates.Language", "src\Templates.Language\Templates.Language.csproj", "{F408F08F-ABF8-43BF-971C-558B1CAAFA1C}"
EndProject
Project("{9A19103F-16F7-4668-BE54-9A1E7A4F7556}") = "Templates.Tests", "src\Templates.Tests\Templates.Tests.csproj", "{E1F6FDB6-8FC3-4BF3-BB32-3869FAD49BF8}"
EndProject
Project("{9A19103F-16F7-4668-BE54-9A1E7A4F7556}") = "Templates.Performance", "src\Templates.Performance\Templates.Performance.csproj", "{43114037-D664-4A46-92BC-DE60BBD2DBEE}"
	ProjectSection(ProjectDependencies) = postProject
		{F3F3EA3A-393B-4355-B476-B3C7C7CA8C5F} = {F3F3EA3A-393B-4355-B476-B3C7C7CA8C5F}
	EndProjectSection
EndProject
Project("{9A19103F-16F7-4668-BE54-9A1E7A4F7556}") = "Templates.Mvc", "src\Templates.Mvc\Templates.Mvc.csproj", "{174A8663-103D-4FDA-BBEA-2B887E3FDB0D}"
EndProject
Project("{9A19103F-16F7-4668-BE54-9A1E7A4F7556}") = "Antlr4Core.Runtime", "src\Antlr4Core.Runtime\Antlr4Core.Runtime.csproj", "{7A030098-562F-494B-B33B-8E62E421D145}"
EndProject
Global
	GlobalSection(SolutionConfigurationPlatforms) = preSolution
		Debug|Any CPU = Debug|Any CPU
		Release|Any CPU = Release|Any CPU
	EndGlobalSection
	GlobalSection(ProjectConfigurationPlatforms) = postSolution
		{4729444D-4629-43A7-9DB3-CB4E05D16F6A}.Debug|Any CPU.ActiveCfg = Debug|Any CPU
		{4729444D-4629-43A7-9DB3-CB4E05D16F6A}.Debug|Any CPU.Build.0 = Debug|Any CPU
		{4729444D-4629-43A7-9DB3-CB4E05D16F6A}.Release|Any CPU.ActiveCfg = Release|Any CPU
		{4729444D-4629-43A7-9DB3-CB4E05D16F6A}.Release|Any CPU.Build.0 = Release|Any CPU
		{F3F3EA3A-393B-4355-B476-B3C7C7CA8C5F}.Debug|Any CPU.ActiveCfg = Debug|Any CPU
		{F3F3EA3A-393B-4355-B476-B3C7C7CA8C5F}.Debug|Any CPU.Build.0 = Debug|Any CPU
		{F3F3EA3A-393B-4355-B476-B3C7C7CA8C5F}.Release|Any CPU.ActiveCfg = Release|Any CPU
		{F3F3EA3A-393B-4355-B476-B3C7C7CA8C5F}.Release|Any CPU.Build.0 = Release|Any CPU
		{F408F08F-ABF8-43BF-971C-558B1CAAFA1C}.Debug|Any CPU.ActiveCfg = Debug|Any CPU
		{F408F08F-ABF8-43BF-971C-558B1CAAFA1C}.Debug|Any CPU.Build.0 = Debug|Any CPU
		{F408F08F-ABF8-43BF-971C-558B1CAAFA1C}.Release|Any CPU.ActiveCfg = Release|Any CPU
		{F408F08F-ABF8-43BF-971C-558B1CAAFA1C}.Release|Any CPU.Build.0 = Release|Any CPU
		{E1F6FDB6-8FC3-4BF3-BB32-3869FAD49BF8}.Debug|Any CPU.ActiveCfg = Debug|Any CPU
		{E1F6FDB6-8FC3-4BF3-BB32-3869FAD49BF8}.Debug|Any CPU.Build.0 = Debug|Any CPU
		{E1F6FDB6-8FC3-4BF3-BB32-3869FAD49BF8}.Release|Any CPU.ActiveCfg = Release|Any CPU
		{E1F6FDB6-8FC3-4BF3-BB32-3869FAD49BF8}.Release|Any CPU.Build.0 = Release|Any CPU
		{43114037-D664-4A46-92BC-DE60BBD2DBEE}.Debug|Any CPU.ActiveCfg = Debug|Any CPU
		{43114037-D664-4A46-92BC-DE60BBD2DBEE}.Debug|Any CPU.Build.0 = Debug|Any CPU
		{43114037-D664-4A46-92BC-DE60BBD2DBEE}.Debug|Any CPU.Deploy.0 = Debug|Any CPU
		{43114037-D664-4A46-92BC-DE60BBD2DBEE}.Release|Any CPU.ActiveCfg = Release|Any CPU
		{43114037-D664-4A46-92BC-DE60BBD2DBEE}.Release|Any CPU.Build.0 = Release|Any CPU
		{174A8663-103D-4FDA-BBEA-2B887E3FDB0D}.Debug|Any CPU.ActiveCfg = Debug|Any CPU
		{174A8663-103D-4FDA-BBEA-2B887E3FDB0D}.Debug|Any CPU.Build.0 = Debug|Any CPU
		{174A8663-103D-4FDA-BBEA-2B887E3FDB0D}.Release|Any CPU.ActiveCfg = Release|Any CPU
		{174A8663-103D-4FDA-BBEA-2B887E3FDB0D}.Release|Any CPU.Build.0 = Release|Any CPU
		{7A030098-562F-494B-B33B-8E62E421D145}.Debug|Any CPU.ActiveCfg = Debug|Any CPU
		{7A030098-562F-494B-B33B-8E62E421D145}.Debug|Any CPU.Build.0 = Debug|Any CPU
		{7A030098-562F-494B-B33B-8E62E421D145}.Release|Any CPU.ActiveCfg = Release|Any CPU
		{7A030098-562F-494B-B33B-8E62E421D145}.Release|Any CPU.Build.0 = Release|Any CPU
	EndGlobalSection
	GlobalSection(SolutionProperties) = preSolution
		HideSolutionNode = FALSE
	EndGlobalSection
	GlobalSection(NestedProjects) = preSolution
		{4729444D-4629-43A7-9DB3-CB4E05D16F6A} = {5A6E418F-99E7-4E1E-9062-08929C0D8E4B}
		{F3F3EA3A-393B-4355-B476-B3C7C7CA8C5F} = {DCB9F91C-846A-4B80-97CF-BF89023F8965}
		{F408F08F-ABF8-43BF-971C-558B1CAAFA1C} = {DCB9F91C-846A-4B80-97CF-BF89023F8965}
		{E1F6FDB6-8FC3-4BF3-BB32-3869FAD49BF8} = {DCB9F91C-846A-4B80-97CF-BF89023F8965}
		{43114037-D664-4A46-92BC-DE60BBD2DBEE} = {DCB9F91C-846A-4B80-97CF-BF89023F8965}
		{174A8663-103D-4FDA-BBEA-2B887E3FDB0D} = {DCB9F91C-846A-4B80-97CF-BF89023F8965}
		{7A030098-562F-494B-B33B-8E62E421D145} = {DCB9F91C-846A-4B80-97CF-BF89023F8965}
	EndGlobalSection
	GlobalSection(TestCaseManagementSettings) = postSolution
		CategoryFile = Templating.vsmdi
	EndGlobalSection
EndGlobal
