
Microsoft Visual Studio Solution File, Format Version 12.00
# Visual Studio 2013
VisualStudioVersion = 12.0.31101.0
MinimumVisualStudioVersion = 10.0.40219.1
Project("{2150E333-8FDC-42A3-9474-1A3956D46DE8}") = ".nuget", ".nuget", "{C4CF384A-35C9-4621-8AD5-06B79A451F66}"
	ProjectSection(SolutionItems) = preProject
		.nuget\packages.config = .nuget\packages.config
	EndProjectSection
EndProject
Project("{FAE04EC0-301F-11D3-BF4B-00C04F79EFBC}") = "Templates.Extensions", "Templates.Extensions\Templates.Extensions.csproj", "{93649574-C954-4696-AC4C-6DE56665B9BE}"
EndProject
Project("{FAE04EC0-301F-11D3-BF4B-00C04F79EFBC}") = "Templates", "Templates\Templates.csproj", "{FCCA75A7-9694-429F-9A41-FD1933464E85}"
EndProject
Project("{2150E333-8FDC-42A3-9474-1A3956D46DE8}") = "src", "src", "{DCB9F91C-846A-4B80-97CF-BF89023F8965}"
EndProject
Project("{8BC9CEB8-8B4A-11D0-8D11-00A0C91BC942}") = "NativeFunctions", "NativeFunctions\NativeFunctions\NativeFunctions.vcxproj", "{835592EE-26CD-435F-B9B3-72C63A5193C4}"
EndProject
Project("{2150E333-8FDC-42A3-9474-1A3956D46DE8}") = "visuals", "visuals", "{CDFBE8DF-3ECF-471E-93F4-1E3B0E2267A7}"
EndProject
Project("{2150E333-8FDC-42A3-9474-1A3956D46DE8}") = "integrations", "integrations", "{5A6E418F-99E7-4E1E-9062-08929C0D8E4B}"
EndProject
Project("{FAE04EC0-301F-11D3-BF4B-00C04F79EFBC}") = "IDE", "..\integrations\IDE\IDE.csproj", "{306BDA78-F171-4CA0-B551-4D8FDA79EB50}"
EndProject
Project("{FAE04EC0-301F-11D3-BF4B-00C04F79EFBC}") = "VisualStudioExtension", "..\integrations\VisualStudioExtension\VisualStudioExtension.csproj", "{D12ACA76-14B9-434D-B76D-C1B0B4057484}"
EndProject
Project("{2150E333-8FDC-42A3-9474-1A3956D46DE8}") = "test", "test", "{2D7F0A50-B9A0-43E1-A5DC-90BE173FE426}"
EndProject
Project("{FAE04EC0-301F-11D3-BF4B-00C04F79EFBC}") = "PexTests", "..\test\PexTests\PexTests.csproj", "{31E90307-0D47-424B-8098-60DB38179FED}"
EndProject
Project("{2150E333-8FDC-42A3-9474-1A3956D46DE8}") = "performance", "performance", "{0FCA16D9-8F22-4281-99BC-FA5BEE750299}"
EndProject
Project("{FAE04EC0-301F-11D3-BF4B-00C04F79EFBC}") = "PerfTesting", "..\performance\PerfTesting\PerfTesting.csproj", "{42F7D21B-7C11-47BF-8075-C876A30716C2}"
EndProject
Project("{FAE04EC0-301F-11D3-BF4B-00C04F79EFBC}") = "RazorTemplateTest", "..\performance\RazorTemplateTest\RazorTemplateTest.csproj", "{4A73654C-C7E9-44B4-BA23-C491869BB827}"
EndProject
Project("{FAE04EC0-301F-11D3-BF4B-00C04F79EFBC}") = "Templates.CompilingProxy", "Templates.CompilingProxy\Templates.CompilingProxy.csproj", "{E414D2DE-5CC1-4D61-A027-4163E32F4025}"
EndProject
Project("{FAE04EC0-301F-11D3-BF4B-00C04F79EFBC}") = "Templater.Tests", "..\test\Templater.Tests\Templater.Tests.csproj", "{8DEF9E6C-BEB9-4CFC-B98D-030759F9A10C}"
EndProject
Project("{FAE04EC0-301F-11D3-BF4B-00C04F79EFBC}") = "Templates.Mvc", "Templates.Mvc\Templates.Mvc.csproj", "{B09CD603-C980-48BC-9353-8A3BACE87AAB}"
EndProject
Project("{2150E333-8FDC-42A3-9474-1A3956D46DE8}") = "demo", "demo", "{271330C1-ACEC-410F-897B-A65DB1A8AB23}"
EndProject
Project("{FAE04EC0-301F-11D3-BF4B-00C04F79EFBC}") = "DemoWebSite", "..\demo\DemoWebSite\DemoWebSite.csproj", "{397C02F2-C794-4E96-9FA6-31B8F3B49C1A}"
EndProject
Global
	GlobalSection(SolutionConfigurationPlatforms) = preSolution
		Debug|Any CPU = Debug|Any CPU
		Debug|x64 = Debug|x64
		Debug|x86 = Debug|x86
		Release|Any CPU = Release|Any CPU
		Release|x64 = Release|x64
		Release|x86 = Release|x86
	EndGlobalSection
	GlobalSection(ProjectConfigurationPlatforms) = postSolution
		{93649574-C954-4696-AC4C-6DE56665B9BE}.Debug|Any CPU.ActiveCfg = Debug|Any CPU
		{93649574-C954-4696-AC4C-6DE56665B9BE}.Debug|Any CPU.Build.0 = Debug|Any CPU
		{93649574-C954-4696-AC4C-6DE56665B9BE}.Debug|x64.ActiveCfg = Debug|x64
		{93649574-C954-4696-AC4C-6DE56665B9BE}.Debug|x64.Build.0 = Debug|x64
		{93649574-C954-4696-AC4C-6DE56665B9BE}.Debug|x86.ActiveCfg = Debug|x86
		{93649574-C954-4696-AC4C-6DE56665B9BE}.Debug|x86.Build.0 = Debug|x86
		{93649574-C954-4696-AC4C-6DE56665B9BE}.Release|Any CPU.ActiveCfg = Release|Any CPU
		{93649574-C954-4696-AC4C-6DE56665B9BE}.Release|Any CPU.Build.0 = Release|Any CPU
		{93649574-C954-4696-AC4C-6DE56665B9BE}.Release|x64.ActiveCfg = Release|x64
		{93649574-C954-4696-AC4C-6DE56665B9BE}.Release|x64.Build.0 = Release|x64
		{93649574-C954-4696-AC4C-6DE56665B9BE}.Release|x86.ActiveCfg = Release|x86
		{93649574-C954-4696-AC4C-6DE56665B9BE}.Release|x86.Build.0 = Release|x86
		{FCCA75A7-9694-429F-9A41-FD1933464E85}.Debug|Any CPU.ActiveCfg = Debug|Any CPU
		{FCCA75A7-9694-429F-9A41-FD1933464E85}.Debug|Any CPU.Build.0 = Debug|Any CPU
		{FCCA75A7-9694-429F-9A41-FD1933464E85}.Debug|x64.ActiveCfg = Debug|x64
		{FCCA75A7-9694-429F-9A41-FD1933464E85}.Debug|x64.Build.0 = Debug|x64
		{FCCA75A7-9694-429F-9A41-FD1933464E85}.Debug|x86.ActiveCfg = Debug|x86
		{FCCA75A7-9694-429F-9A41-FD1933464E85}.Debug|x86.Build.0 = Debug|x86
		{FCCA75A7-9694-429F-9A41-FD1933464E85}.Release|Any CPU.ActiveCfg = Release|Any CPU
		{FCCA75A7-9694-429F-9A41-FD1933464E85}.Release|Any CPU.Build.0 = Release|Any CPU
		{FCCA75A7-9694-429F-9A41-FD1933464E85}.Release|x64.ActiveCfg = Release|x64
		{FCCA75A7-9694-429F-9A41-FD1933464E85}.Release|x64.Build.0 = Release|x64
		{FCCA75A7-9694-429F-9A41-FD1933464E85}.Release|x86.ActiveCfg = Release|x86
		{FCCA75A7-9694-429F-9A41-FD1933464E85}.Release|x86.Build.0 = Release|x86
		{835592EE-26CD-435F-B9B3-72C63A5193C4}.Debug|Any CPU.ActiveCfg = Debug|x64
		{835592EE-26CD-435F-B9B3-72C63A5193C4}.Debug|Any CPU.Build.0 = Debug|x64
		{835592EE-26CD-435F-B9B3-72C63A5193C4}.Debug|x64.ActiveCfg = Debug|x64
		{835592EE-26CD-435F-B9B3-72C63A5193C4}.Debug|x64.Build.0 = Debug|x64
		{835592EE-26CD-435F-B9B3-72C63A5193C4}.Debug|x86.ActiveCfg = Debug|Win32
		{835592EE-26CD-435F-B9B3-72C63A5193C4}.Debug|x86.Build.0 = Debug|Win32
		{835592EE-26CD-435F-B9B3-72C63A5193C4}.Release|Any CPU.ActiveCfg = Release|x64
		{835592EE-26CD-435F-B9B3-72C63A5193C4}.Release|Any CPU.Build.0 = Release|x64
		{835592EE-26CD-435F-B9B3-72C63A5193C4}.Release|x64.ActiveCfg = Release|x64
		{835592EE-26CD-435F-B9B3-72C63A5193C4}.Release|x64.Build.0 = Release|x64
		{835592EE-26CD-435F-B9B3-72C63A5193C4}.Release|x86.ActiveCfg = Release|Win32
		{835592EE-26CD-435F-B9B3-72C63A5193C4}.Release|x86.Build.0 = Release|Win32
		{306BDA78-F171-4CA0-B551-4D8FDA79EB50}.Debug|Any CPU.ActiveCfg = Debug|Any CPU
		{306BDA78-F171-4CA0-B551-4D8FDA79EB50}.Debug|Any CPU.Build.0 = Debug|Any CPU
		{306BDA78-F171-4CA0-B551-4D8FDA79EB50}.Debug|x64.ActiveCfg = Debug|x64
		{306BDA78-F171-4CA0-B551-4D8FDA79EB50}.Debug|x64.Build.0 = Debug|x64
		{306BDA78-F171-4CA0-B551-4D8FDA79EB50}.Debug|x86.ActiveCfg = Debug|x86
		{306BDA78-F171-4CA0-B551-4D8FDA79EB50}.Debug|x86.Build.0 = Debug|x86
		{306BDA78-F171-4CA0-B551-4D8FDA79EB50}.Release|Any CPU.ActiveCfg = Release|Any CPU
		{306BDA78-F171-4CA0-B551-4D8FDA79EB50}.Release|Any CPU.Build.0 = Release|Any CPU
		{306BDA78-F171-4CA0-B551-4D8FDA79EB50}.Release|x64.ActiveCfg = Release|x64
		{306BDA78-F171-4CA0-B551-4D8FDA79EB50}.Release|x64.Build.0 = Release|x64
		{306BDA78-F171-4CA0-B551-4D8FDA79EB50}.Release|x86.ActiveCfg = Release|x86
		{306BDA78-F171-4CA0-B551-4D8FDA79EB50}.Release|x86.Build.0 = Release|x86
		{D12ACA76-14B9-434D-B76D-C1B0B4057484}.Debug|Any CPU.ActiveCfg = Debug|Any CPU
		{D12ACA76-14B9-434D-B76D-C1B0B4057484}.Debug|Any CPU.Build.0 = Debug|Any CPU
		{D12ACA76-14B9-434D-B76D-C1B0B4057484}.Debug|x64.ActiveCfg = Debug|x64
		{D12ACA76-14B9-434D-B76D-C1B0B4057484}.Debug|x64.Build.0 = Debug|x64
		{D12ACA76-14B9-434D-B76D-C1B0B4057484}.Debug|x86.ActiveCfg = Debug|x86
		{D12ACA76-14B9-434D-B76D-C1B0B4057484}.Debug|x86.Build.0 = Debug|x86
		{D12ACA76-14B9-434D-B76D-C1B0B4057484}.Release|Any CPU.ActiveCfg = Release|Any CPU
		{D12ACA76-14B9-434D-B76D-C1B0B4057484}.Release|Any CPU.Build.0 = Release|Any CPU
		{D12ACA76-14B9-434D-B76D-C1B0B4057484}.Release|x64.ActiveCfg = Release|x64
		{D12ACA76-14B9-434D-B76D-C1B0B4057484}.Release|x64.Build.0 = Release|x64
		{D12ACA76-14B9-434D-B76D-C1B0B4057484}.Release|x86.ActiveCfg = Release|x86
		{D12ACA76-14B9-434D-B76D-C1B0B4057484}.Release|x86.Build.0 = Release|x86
		{31E90307-0D47-424B-8098-60DB38179FED}.Debug|Any CPU.ActiveCfg = Debug|Any CPU
		{31E90307-0D47-424B-8098-60DB38179FED}.Debug|Any CPU.Build.0 = Debug|Any CPU
		{31E90307-0D47-424B-8098-60DB38179FED}.Debug|x64.ActiveCfg = Debug|x64
		{31E90307-0D47-424B-8098-60DB38179FED}.Debug|x64.Build.0 = Debug|x64
		{31E90307-0D47-424B-8098-60DB38179FED}.Debug|x86.ActiveCfg = Debug|x86
		{31E90307-0D47-424B-8098-60DB38179FED}.Debug|x86.Build.0 = Debug|x86
		{31E90307-0D47-424B-8098-60DB38179FED}.Release|Any CPU.ActiveCfg = Release|Any CPU
		{31E90307-0D47-424B-8098-60DB38179FED}.Release|Any CPU.Build.0 = Release|Any CPU
		{31E90307-0D47-424B-8098-60DB38179FED}.Release|x64.ActiveCfg = Release|x64
		{31E90307-0D47-424B-8098-60DB38179FED}.Release|x64.Build.0 = Release|x64
		{31E90307-0D47-424B-8098-60DB38179FED}.Release|x86.ActiveCfg = Release|x86
		{31E90307-0D47-424B-8098-60DB38179FED}.Release|x86.Build.0 = Release|x86
		{42F7D21B-7C11-47BF-8075-C876A30716C2}.Debug|Any CPU.ActiveCfg = Debug|Any CPU
		{42F7D21B-7C11-47BF-8075-C876A30716C2}.Debug|Any CPU.Build.0 = Debug|Any CPU
		{42F7D21B-7C11-47BF-8075-C876A30716C2}.Debug|x64.ActiveCfg = Debug|x64
		{42F7D21B-7C11-47BF-8075-C876A30716C2}.Debug|x64.Build.0 = Debug|x64
		{42F7D21B-7C11-47BF-8075-C876A30716C2}.Debug|x86.ActiveCfg = Debug|x86
		{42F7D21B-7C11-47BF-8075-C876A30716C2}.Debug|x86.Build.0 = Debug|x86
		{42F7D21B-7C11-47BF-8075-C876A30716C2}.Release|Any CPU.ActiveCfg = Release|Any CPU
		{42F7D21B-7C11-47BF-8075-C876A30716C2}.Release|Any CPU.Build.0 = Release|Any CPU
		{42F7D21B-7C11-47BF-8075-C876A30716C2}.Release|x64.ActiveCfg = Release|x64
		{42F7D21B-7C11-47BF-8075-C876A30716C2}.Release|x64.Build.0 = Release|x64
		{42F7D21B-7C11-47BF-8075-C876A30716C2}.Release|x86.ActiveCfg = Release|x86
		{42F7D21B-7C11-47BF-8075-C876A30716C2}.Release|x86.Build.0 = Release|x86
		{4A73654C-C7E9-44B4-BA23-C491869BB827}.Debug|Any CPU.ActiveCfg = Debug|Any CPU
		{4A73654C-C7E9-44B4-BA23-C491869BB827}.Debug|Any CPU.Build.0 = Debug|Any CPU
		{4A73654C-C7E9-44B4-BA23-C491869BB827}.Debug|x64.ActiveCfg = Debug|x64
		{4A73654C-C7E9-44B4-BA23-C491869BB827}.Debug|x64.Build.0 = Debug|x64
		{4A73654C-C7E9-44B4-BA23-C491869BB827}.Debug|x86.ActiveCfg = Debug|x86
		{4A73654C-C7E9-44B4-BA23-C491869BB827}.Debug|x86.Build.0 = Debug|x86
		{4A73654C-C7E9-44B4-BA23-C491869BB827}.Release|Any CPU.ActiveCfg = Release|Any CPU
		{4A73654C-C7E9-44B4-BA23-C491869BB827}.Release|Any CPU.Build.0 = Release|Any CPU
		{4A73654C-C7E9-44B4-BA23-C491869BB827}.Release|x64.ActiveCfg = Release|x64
		{4A73654C-C7E9-44B4-BA23-C491869BB827}.Release|x64.Build.0 = Release|x64
		{4A73654C-C7E9-44B4-BA23-C491869BB827}.Release|x86.ActiveCfg = Release|x86
		{4A73654C-C7E9-44B4-BA23-C491869BB827}.Release|x86.Build.0 = Release|x86
		{E414D2DE-5CC1-4D61-A027-4163E32F4025}.Debug|Any CPU.ActiveCfg = Debug|Any CPU
		{E414D2DE-5CC1-4D61-A027-4163E32F4025}.Debug|Any CPU.Build.0 = Debug|Any CPU
		{E414D2DE-5CC1-4D61-A027-4163E32F4025}.Debug|x64.ActiveCfg = Debug|x64
		{E414D2DE-5CC1-4D61-A027-4163E32F4025}.Debug|x64.Build.0 = Debug|x64
		{E414D2DE-5CC1-4D61-A027-4163E32F4025}.Debug|x86.ActiveCfg = Debug|x86
		{E414D2DE-5CC1-4D61-A027-4163E32F4025}.Debug|x86.Build.0 = Debug|x86
		{E414D2DE-5CC1-4D61-A027-4163E32F4025}.Release|Any CPU.ActiveCfg = Release|Any CPU
		{E414D2DE-5CC1-4D61-A027-4163E32F4025}.Release|Any CPU.Build.0 = Release|Any CPU
		{E414D2DE-5CC1-4D61-A027-4163E32F4025}.Release|x64.ActiveCfg = Release|x64
		{E414D2DE-5CC1-4D61-A027-4163E32F4025}.Release|x64.Build.0 = Release|x64
		{E414D2DE-5CC1-4D61-A027-4163E32F4025}.Release|x86.ActiveCfg = Release|x86
		{E414D2DE-5CC1-4D61-A027-4163E32F4025}.Release|x86.Build.0 = Release|x86
		{8DEF9E6C-BEB9-4CFC-B98D-030759F9A10C}.Debug|Any CPU.ActiveCfg = Debug|Any CPU
		{8DEF9E6C-BEB9-4CFC-B98D-030759F9A10C}.Debug|Any CPU.Build.0 = Debug|Any CPU
		{8DEF9E6C-BEB9-4CFC-B98D-030759F9A10C}.Debug|x64.ActiveCfg = Debug|x64
		{8DEF9E6C-BEB9-4CFC-B98D-030759F9A10C}.Debug|x64.Build.0 = Debug|x64
		{8DEF9E6C-BEB9-4CFC-B98D-030759F9A10C}.Debug|x86.ActiveCfg = Debug|x86
		{8DEF9E6C-BEB9-4CFC-B98D-030759F9A10C}.Debug|x86.Build.0 = Debug|x86
		{8DEF9E6C-BEB9-4CFC-B98D-030759F9A10C}.Release|Any CPU.ActiveCfg = Release|Any CPU
		{8DEF9E6C-BEB9-4CFC-B98D-030759F9A10C}.Release|Any CPU.Build.0 = Release|Any CPU
		{8DEF9E6C-BEB9-4CFC-B98D-030759F9A10C}.Release|x64.ActiveCfg = Release|x64
		{8DEF9E6C-BEB9-4CFC-B98D-030759F9A10C}.Release|x64.Build.0 = Release|x64
		{8DEF9E6C-BEB9-4CFC-B98D-030759F9A10C}.Release|x86.ActiveCfg = Release|x86
		{8DEF9E6C-BEB9-4CFC-B98D-030759F9A10C}.Release|x86.Build.0 = Release|x86
		{B09CD603-C980-48BC-9353-8A3BACE87AAB}.Debug|Any CPU.ActiveCfg = Debug|Any CPU
		{B09CD603-C980-48BC-9353-8A3BACE87AAB}.Debug|Any CPU.Build.0 = Debug|Any CPU
		{B09CD603-C980-48BC-9353-8A3BACE87AAB}.Debug|x64.ActiveCfg = Debug|x64
		{B09CD603-C980-48BC-9353-8A3BACE87AAB}.Debug|x64.Build.0 = Debug|x64
		{B09CD603-C980-48BC-9353-8A3BACE87AAB}.Debug|x86.ActiveCfg = Debug|x86
		{B09CD603-C980-48BC-9353-8A3BACE87AAB}.Debug|x86.Build.0 = Debug|x86
		{B09CD603-C980-48BC-9353-8A3BACE87AAB}.Release|Any CPU.ActiveCfg = Release|Any CPU
		{B09CD603-C980-48BC-9353-8A3BACE87AAB}.Release|Any CPU.Build.0 = Release|Any CPU
		{B09CD603-C980-48BC-9353-8A3BACE87AAB}.Release|x64.ActiveCfg = Release|x64
		{B09CD603-C980-48BC-9353-8A3BACE87AAB}.Release|x64.Build.0 = Release|x64
		{B09CD603-C980-48BC-9353-8A3BACE87AAB}.Release|x86.ActiveCfg = Release|x86
		{B09CD603-C980-48BC-9353-8A3BACE87AAB}.Release|x86.Build.0 = Release|x86
		{397C02F2-C794-4E96-9FA6-31B8F3B49C1A}.Debug|Any CPU.ActiveCfg = Debug|Any CPU
		{397C02F2-C794-4E96-9FA6-31B8F3B49C1A}.Debug|Any CPU.Build.0 = Debug|Any CPU
		{397C02F2-C794-4E96-9FA6-31B8F3B49C1A}.Debug|x64.ActiveCfg = Debug|x64
		{397C02F2-C794-4E96-9FA6-31B8F3B49C1A}.Debug|x64.Build.0 = Debug|x64
		{397C02F2-C794-4E96-9FA6-31B8F3B49C1A}.Debug|x86.ActiveCfg = Debug|x86
		{397C02F2-C794-4E96-9FA6-31B8F3B49C1A}.Debug|x86.Build.0 = Debug|x86
		{397C02F2-C794-4E96-9FA6-31B8F3B49C1A}.Release|Any CPU.ActiveCfg = Release|Any CPU
		{397C02F2-C794-4E96-9FA6-31B8F3B49C1A}.Release|Any CPU.Build.0 = Release|Any CPU
		{397C02F2-C794-4E96-9FA6-31B8F3B49C1A}.Release|x64.ActiveCfg = Release|x64
		{397C02F2-C794-4E96-9FA6-31B8F3B49C1A}.Release|x64.Build.0 = Release|x64
		{397C02F2-C794-4E96-9FA6-31B8F3B49C1A}.Release|x86.ActiveCfg = Release|x86
		{397C02F2-C794-4E96-9FA6-31B8F3B49C1A}.Release|x86.Build.0 = Release|x86
	EndGlobalSection
	GlobalSection(SolutionProperties) = preSolution
		HideSolutionNode = FALSE
	EndGlobalSection
	GlobalSection(NestedProjects) = preSolution
		{93649574-C954-4696-AC4C-6DE56665B9BE} = {DCB9F91C-846A-4B80-97CF-BF89023F8965}
		{FCCA75A7-9694-429F-9A41-FD1933464E85} = {DCB9F91C-846A-4B80-97CF-BF89023F8965}
		{835592EE-26CD-435F-B9B3-72C63A5193C4} = {DCB9F91C-846A-4B80-97CF-BF89023F8965}
		{306BDA78-F171-4CA0-B551-4D8FDA79EB50} = {5A6E418F-99E7-4E1E-9062-08929C0D8E4B}
		{D12ACA76-14B9-434D-B76D-C1B0B4057484} = {5A6E418F-99E7-4E1E-9062-08929C0D8E4B}
		{31E90307-0D47-424B-8098-60DB38179FED} = {2D7F0A50-B9A0-43E1-A5DC-90BE173FE426}
		{42F7D21B-7C11-47BF-8075-C876A30716C2} = {0FCA16D9-8F22-4281-99BC-FA5BEE750299}
		{4A73654C-C7E9-44B4-BA23-C491869BB827} = {0FCA16D9-8F22-4281-99BC-FA5BEE750299}
		{E414D2DE-5CC1-4D61-A027-4163E32F4025} = {DCB9F91C-846A-4B80-97CF-BF89023F8965}
		{8DEF9E6C-BEB9-4CFC-B98D-030759F9A10C} = {2D7F0A50-B9A0-43E1-A5DC-90BE173FE426}
		{B09CD603-C980-48BC-9353-8A3BACE87AAB} = {DCB9F91C-846A-4B80-97CF-BF89023F8965}
		{397C02F2-C794-4E96-9FA6-31B8F3B49C1A} = {271330C1-ACEC-410F-897B-A65DB1A8AB23}
	EndGlobalSection
	GlobalSection(TestCaseManagementSettings) = postSolution
		CategoryFile = Templating.vsmdi
	EndGlobalSection
EndGlobal
