
Microsoft Visual Studio Solution File, Format Version 12.00
# Visual Studio 14
VisualStudioVersion = 14.0.22609.0
MinimumVisualStudioVersion = 10.0.40219.1
Project("{2150E333-8FDC-42A3-9474-1A3956D46DE8}") = ".nuget", ".nuget", "{C4CF384A-35C9-4621-8AD5-06B79A451F66}"
	ProjectSection(SolutionItems) = preProject
		.nuget\packages.config = .nuget\packages.config
	EndProjectSection
EndProject
Project("{2150E333-8FDC-42A3-9474-1A3956D46DE8}") = "src", "src", "{DCB9F91C-846A-4B80-97CF-BF89023F8965}"
EndProject
Project("{2150E333-8FDC-42A3-9474-1A3956D46DE8}") = "visuals", "visuals", "{CDFBE8DF-3ECF-471E-93F4-1E3B0E2267A7}"
EndProject
Project("{2150E333-8FDC-42A3-9474-1A3956D46DE8}") = "integrations", "integrations", "{5A6E418F-99E7-4E1E-9062-08929C0D8E4B}"
EndProject
Project("{2150E333-8FDC-42A3-9474-1A3956D46DE8}") = "test", "test", "{2D7F0A50-B9A0-43E1-A5DC-90BE173FE426}"
EndProject
Project("{2150E333-8FDC-42A3-9474-1A3956D46DE8}") = "performance", "performance", "{0FCA16D9-8F22-4281-99BC-FA5BEE750299}"
EndProject
Project("{2150E333-8FDC-42A3-9474-1A3956D46DE8}") = "demo", "demo", "{271330C1-ACEC-410F-897B-A65DB1A8AB23}"
EndProject
Project("{FAE04EC0-301F-11D3-BF4B-00C04F79EFBC}") = "Templates", "Templates\Templates.csproj", "{FCCA75A7-9694-429F-9A41-FD1933464E85}"
EndProject
Project("{FAE04EC0-301F-11D3-BF4B-00C04F79EFBC}") = "PerfTesting", "..\performance\PerfTesting\PerfTesting.csproj", "{42F7D21B-7C11-47BF-8075-C876A30716C2}"
EndProject
Project("{FAE04EC0-301F-11D3-BF4B-00C04F79EFBC}") = "RazorTemplateTest", "..\performance\RazorTemplateTest\RazorTemplateTest.csproj", "{4A73654C-C7E9-44B4-BA23-C491869BB827}"
EndProject
Project("{FAE04EC0-301F-11D3-BF4B-00C04F79EFBC}") = "Templates.Mvc", "Templates.Mvc\Templates.Mvc.csproj", "{B09CD603-C980-48BC-9353-8A3BACE87AAB}"
EndProject
Project("{FAE04EC0-301F-11D3-BF4B-00C04F79EFBC}") = "DemoWebSite", "..\demo\DemoWebSite\DemoWebSite.csproj", "{397C02F2-C794-4E96-9FA6-31B8F3B49C1A}"
EndProject
Project("{FAE04EC0-301F-11D3-BF4B-00C04F79EFBC}") = "Templates.Editor", "..\integrations\Templates.Editor\Templates.Editor.csproj", "{4729444D-4629-43A7-9DB3-CB4E05D16F6A}"
EndProject
Project("{FAE04EC0-301F-11D3-BF4B-00C04F79EFBC}") = "Templates.Language", "Templates.Language\Templates.Language.csproj", "{8CB3116B-3163-4D26-BCD7-2E27EFCD48CA}"
EndProject
Project("{FAE04EC0-301F-11D3-BF4B-00C04F79EFBC}") = "TemplatesXTests", "..\test\TemplatesXTests\TemplatesXTests.csproj", "{81B723DA-173A-4BBF-924F-527427F14840}"
EndProject
Project("{8BC9CEB8-8B4A-11D0-8D11-00A0C91BC942}") = "Templates.Native", "Templates.Native\Templates.Native.vcxproj", "{50CA3F77-1F20-4BDD-9A6F-26D8FAE7467B}"
EndProject
Project("{FAE04EC0-301F-11D3-BF4B-00C04F79EFBC}") = "Templates.Tests", "Templates.Tests\Templates.Tests.csproj", "{A162F4B1-A88F-44E1-8520-2C5A77CF3B33}"
EndProject
Global
	GlobalSection(SolutionConfigurationPlatforms) = preSolution
		Debug|Any CPU = Debug|Any CPU
		Debug|x64 = Debug|x64
		Release|Any CPU = Release|Any CPU
		Release|x64 = Release|x64
	EndGlobalSection
	GlobalSection(ProjectConfigurationPlatforms) = postSolution
		{FCCA75A7-9694-429F-9A41-FD1933464E85}.Debug|Any CPU.ActiveCfg = Debug|Any CPU
		{FCCA75A7-9694-429F-9A41-FD1933464E85}.Debug|Any CPU.Build.0 = Debug|Any CPU
		{FCCA75A7-9694-429F-9A41-FD1933464E85}.Debug|x64.ActiveCfg = Debug|Any CPU
		{FCCA75A7-9694-429F-9A41-FD1933464E85}.Debug|x64.Build.0 = Debug|Any CPU
		{FCCA75A7-9694-429F-9A41-FD1933464E85}.Release|Any CPU.ActiveCfg = Release|Any CPU
		{FCCA75A7-9694-429F-9A41-FD1933464E85}.Release|Any CPU.Build.0 = Release|Any CPU
		{FCCA75A7-9694-429F-9A41-FD1933464E85}.Release|x64.ActiveCfg = Release|Any CPU
		{FCCA75A7-9694-429F-9A41-FD1933464E85}.Release|x64.Build.0 = Release|Any CPU
		{42F7D21B-7C11-47BF-8075-C876A30716C2}.Debug|Any CPU.ActiveCfg = Debug|Any CPU
		{42F7D21B-7C11-47BF-8075-C876A30716C2}.Debug|Any CPU.Build.0 = Debug|Any CPU
		{42F7D21B-7C11-47BF-8075-C876A30716C2}.Debug|x64.ActiveCfg = Debug|Any CPU
		{42F7D21B-7C11-47BF-8075-C876A30716C2}.Debug|x64.Build.0 = Debug|Any CPU
		{42F7D21B-7C11-47BF-8075-C876A30716C2}.Release|Any CPU.ActiveCfg = Release|Any CPU
		{42F7D21B-7C11-47BF-8075-C876A30716C2}.Release|Any CPU.Build.0 = Release|Any CPU
		{42F7D21B-7C11-47BF-8075-C876A30716C2}.Release|x64.ActiveCfg = Release|Any CPU
		{42F7D21B-7C11-47BF-8075-C876A30716C2}.Release|x64.Build.0 = Release|Any CPU
		{4A73654C-C7E9-44B4-BA23-C491869BB827}.Debug|Any CPU.ActiveCfg = Debug|Any CPU
		{4A73654C-C7E9-44B4-BA23-C491869BB827}.Debug|Any CPU.Build.0 = Debug|Any CPU
		{4A73654C-C7E9-44B4-BA23-C491869BB827}.Debug|x64.ActiveCfg = Debug|Any CPU
		{4A73654C-C7E9-44B4-BA23-C491869BB827}.Debug|x64.Build.0 = Debug|Any CPU
		{4A73654C-C7E9-44B4-BA23-C491869BB827}.Release|Any CPU.ActiveCfg = Release|Any CPU
		{4A73654C-C7E9-44B4-BA23-C491869BB827}.Release|Any CPU.Build.0 = Release|Any CPU
		{4A73654C-C7E9-44B4-BA23-C491869BB827}.Release|x64.ActiveCfg = Release|Any CPU
		{4A73654C-C7E9-44B4-BA23-C491869BB827}.Release|x64.Build.0 = Release|Any CPU
		{B09CD603-C980-48BC-9353-8A3BACE87AAB}.Debug|Any CPU.ActiveCfg = Debug|Any CPU
		{B09CD603-C980-48BC-9353-8A3BACE87AAB}.Debug|Any CPU.Build.0 = Debug|Any CPU
		{B09CD603-C980-48BC-9353-8A3BACE87AAB}.Debug|x64.ActiveCfg = Debug|Any CPU
		{B09CD603-C980-48BC-9353-8A3BACE87AAB}.Debug|x64.Build.0 = Debug|Any CPU
		{B09CD603-C980-48BC-9353-8A3BACE87AAB}.Release|Any CPU.ActiveCfg = Release|Any CPU
		{B09CD603-C980-48BC-9353-8A3BACE87AAB}.Release|Any CPU.Build.0 = Release|Any CPU
		{B09CD603-C980-48BC-9353-8A3BACE87AAB}.Release|x64.ActiveCfg = Release|Any CPU
		{B09CD603-C980-48BC-9353-8A3BACE87AAB}.Release|x64.Build.0 = Release|Any CPU
		{397C02F2-C794-4E96-9FA6-31B8F3B49C1A}.Debug|Any CPU.ActiveCfg = Debug|Any CPU
		{397C02F2-C794-4E96-9FA6-31B8F3B49C1A}.Debug|Any CPU.Build.0 = Debug|Any CPU
		{397C02F2-C794-4E96-9FA6-31B8F3B49C1A}.Debug|x64.ActiveCfg = Debug|Any CPU
		{397C02F2-C794-4E96-9FA6-31B8F3B49C1A}.Debug|x64.Build.0 = Debug|Any CPU
		{397C02F2-C794-4E96-9FA6-31B8F3B49C1A}.Release|Any CPU.ActiveCfg = Release|Any CPU
		{397C02F2-C794-4E96-9FA6-31B8F3B49C1A}.Release|Any CPU.Build.0 = Release|Any CPU
		{397C02F2-C794-4E96-9FA6-31B8F3B49C1A}.Release|x64.ActiveCfg = Release|Any CPU
		{397C02F2-C794-4E96-9FA6-31B8F3B49C1A}.Release|x64.Build.0 = Release|Any CPU
		{4729444D-4629-43A7-9DB3-CB4E05D16F6A}.Debug|Any CPU.ActiveCfg = Debug|Any CPU
		{4729444D-4629-43A7-9DB3-CB4E05D16F6A}.Debug|Any CPU.Build.0 = Debug|Any CPU
		{4729444D-4629-43A7-9DB3-CB4E05D16F6A}.Debug|x64.ActiveCfg = Debug|Any CPU
		{4729444D-4629-43A7-9DB3-CB4E05D16F6A}.Debug|x64.Build.0 = Debug|Any CPU
		{4729444D-4629-43A7-9DB3-CB4E05D16F6A}.Release|Any CPU.ActiveCfg = Release|Any CPU
		{4729444D-4629-43A7-9DB3-CB4E05D16F6A}.Release|Any CPU.Build.0 = Release|Any CPU
		{4729444D-4629-43A7-9DB3-CB4E05D16F6A}.Release|x64.ActiveCfg = Release|Any CPU
		{4729444D-4629-43A7-9DB3-CB4E05D16F6A}.Release|x64.Build.0 = Release|Any CPU
		{8CB3116B-3163-4D26-BCD7-2E27EFCD48CA}.Debug|Any CPU.ActiveCfg = Debug|Any CPU
		{8CB3116B-3163-4D26-BCD7-2E27EFCD48CA}.Debug|Any CPU.Build.0 = Debug|Any CPU
		{8CB3116B-3163-4D26-BCD7-2E27EFCD48CA}.Debug|x64.ActiveCfg = Debug|Any CPU
		{8CB3116B-3163-4D26-BCD7-2E27EFCD48CA}.Debug|x64.Build.0 = Debug|Any CPU
		{8CB3116B-3163-4D26-BCD7-2E27EFCD48CA}.Release|Any CPU.ActiveCfg = Release|Any CPU
		{8CB3116B-3163-4D26-BCD7-2E27EFCD48CA}.Release|Any CPU.Build.0 = Release|Any CPU
		{8CB3116B-3163-4D26-BCD7-2E27EFCD48CA}.Release|x64.ActiveCfg = Release|Any CPU
		{8CB3116B-3163-4D26-BCD7-2E27EFCD48CA}.Release|x64.Build.0 = Release|Any CPU
		{81B723DA-173A-4BBF-924F-527427F14840}.Debug|Any CPU.ActiveCfg = Debug|Any CPU
		{81B723DA-173A-4BBF-924F-527427F14840}.Debug|Any CPU.Build.0 = Debug|Any CPU
		{81B723DA-173A-4BBF-924F-527427F14840}.Debug|x64.ActiveCfg = Debug|Any CPU
		{81B723DA-173A-4BBF-924F-527427F14840}.Debug|x64.Build.0 = Debug|Any CPU
		{81B723DA-173A-4BBF-924F-527427F14840}.Release|Any CPU.ActiveCfg = Release|Any CPU
		{81B723DA-173A-4BBF-924F-527427F14840}.Release|Any CPU.Build.0 = Release|Any CPU
		{81B723DA-173A-4BBF-924F-527427F14840}.Release|x64.ActiveCfg = Release|Any CPU
		{81B723DA-173A-4BBF-924F-527427F14840}.Release|x64.Build.0 = Release|Any CPU
		{50CA3F77-1F20-4BDD-9A6F-26D8FAE7467B}.Debug|Any CPU.ActiveCfg = Debug|Win32
		{50CA3F77-1F20-4BDD-9A6F-26D8FAE7467B}.Debug|Any CPU.Build.0 = Debug|Win32
		{50CA3F77-1F20-4BDD-9A6F-26D8FAE7467B}.Debug|x64.ActiveCfg = Debug|x64
		{50CA3F77-1F20-4BDD-9A6F-26D8FAE7467B}.Debug|x64.Build.0 = Debug|x64
		{50CA3F77-1F20-4BDD-9A6F-26D8FAE7467B}.Release|Any CPU.ActiveCfg = Release|Win32
		{50CA3F77-1F20-4BDD-9A6F-26D8FAE7467B}.Release|Any CPU.Build.0 = Release|Win32
		{50CA3F77-1F20-4BDD-9A6F-26D8FAE7467B}.Release|x64.ActiveCfg = Release|x64
		{50CA3F77-1F20-4BDD-9A6F-26D8FAE7467B}.Release|x64.Build.0 = Release|x64
		{A162F4B1-A88F-44E1-8520-2C5A77CF3B33}.Debug|Any CPU.ActiveCfg = Debug|Any CPU
		{A162F4B1-A88F-44E1-8520-2C5A77CF3B33}.Debug|Any CPU.Build.0 = Debug|Any CPU
		{A162F4B1-A88F-44E1-8520-2C5A77CF3B33}.Debug|x64.ActiveCfg = Debug|Any CPU
		{A162F4B1-A88F-44E1-8520-2C5A77CF3B33}.Debug|x64.Build.0 = Debug|Any CPU
		{A162F4B1-A88F-44E1-8520-2C5A77CF3B33}.Release|Any CPU.ActiveCfg = Release|Any CPU
		{A162F4B1-A88F-44E1-8520-2C5A77CF3B33}.Release|Any CPU.Build.0 = Release|Any CPU
		{A162F4B1-A88F-44E1-8520-2C5A77CF3B33}.Release|x64.ActiveCfg = Release|Any CPU
		{A162F4B1-A88F-44E1-8520-2C5A77CF3B33}.Release|x64.Build.0 = Release|Any CPU
	EndGlobalSection
	GlobalSection(SolutionProperties) = preSolution
		HideSolutionNode = FALSE
	EndGlobalSection
	GlobalSection(NestedProjects) = preSolution
		{FCCA75A7-9694-429F-9A41-FD1933464E85} = {DCB9F91C-846A-4B80-97CF-BF89023F8965}
		{42F7D21B-7C11-47BF-8075-C876A30716C2} = {0FCA16D9-8F22-4281-99BC-FA5BEE750299}
		{4A73654C-C7E9-44B4-BA23-C491869BB827} = {0FCA16D9-8F22-4281-99BC-FA5BEE750299}
		{B09CD603-C980-48BC-9353-8A3BACE87AAB} = {DCB9F91C-846A-4B80-97CF-BF89023F8965}
		{397C02F2-C794-4E96-9FA6-31B8F3B49C1A} = {271330C1-ACEC-410F-897B-A65DB1A8AB23}
		{4729444D-4629-43A7-9DB3-CB4E05D16F6A} = {5A6E418F-99E7-4E1E-9062-08929C0D8E4B}
		{8CB3116B-3163-4D26-BCD7-2E27EFCD48CA} = {DCB9F91C-846A-4B80-97CF-BF89023F8965}
		{81B723DA-173A-4BBF-924F-527427F14840} = {2D7F0A50-B9A0-43E1-A5DC-90BE173FE426}
		{50CA3F77-1F20-4BDD-9A6F-26D8FAE7467B} = {DCB9F91C-846A-4B80-97CF-BF89023F8965}
	EndGlobalSection
	GlobalSection(TestCaseManagementSettings) = postSolution
		CategoryFile = Templating.vsmdi
	EndGlobalSection
EndGlobal
